// !$*UTF8*$!
{
	archiveVersion = 1;
	classes = {
	};
	objectVersion = 46;
	objects = {

/* Begin PBXBuildFile section */
		0B4EAD8FE9EA3273FF6B8E8D /* Pods_ZypeAppleTVBase.framework in Frameworks */ = {isa = PBXBuildFile; fileRef = 068DE8B2673B2EA0EC3BAB89 /* Pods_ZypeAppleTVBase.framework */; };
		478A52851F210DBC0037BE56 /* RegisterVC.swift in Sources */ = {isa = PBXBuildFile; fileRef = 478A52841F210DBC0037BE56 /* RegisterVC.swift */; };
		4F37FFD2244F442400D24986 /* ZypeUserAgentBuilder.swift in Sources */ = {isa = PBXBuildFile; fileRef = 4F37FFD1244F442400D24986 /* ZypeUserAgentBuilder.swift */; };
		4FD21C552449EC8000E2616B /* GuideModel.swift in Sources */ = {isa = PBXBuildFile; fileRef = 4FD21C532449EC8000E2616B /* GuideModel.swift */; };
		4FD21C562449EC8000E2616B /* GuideProgramModel.swift in Sources */ = {isa = PBXBuildFile; fileRef = 4FD21C542449EC8000E2616B /* GuideProgramModel.swift */; };
		78179C2E7ADDA5888C760795 /* Pods_ZypeAppleTVBaseTests.framework in Frameworks */ = {isa = PBXBuildFile; fileRef = AA67D6B7859F874CF02D4956 /* Pods_ZypeAppleTVBaseTests.framework */; };
		A11F0F5F1D4A570E00166479 /* DeviceLinking.storyboard in Resources */ = {isa = PBXBuildFile; fileRef = A11F0F5E1D4A570E00166479 /* DeviceLinking.storyboard */; };
		A11F0F621D4A576900166479 /* android_icon.png in Resources */ = {isa = PBXBuildFile; fileRef = A11F0F611D4A576900166479 /* android_icon.png */; };
		A11F0F8E1D4A5E0300166479 /* ZypeAppleTVBase.framework in Frameworks */ = {isa = PBXBuildFile; fileRef = A11F0F841D4A5E0200166479 /* ZypeAppleTVBase.framework */; };
		A11F0FCE1D4A5E5300166479 /* ZypeRESTController.swift in Sources */ = {isa = PBXBuildFile; fileRef = A11F0F9C1D4A5E5300166479 /* ZypeRESTController.swift */; };
		A11F0FCF1D4A5E5300166479 /* ZypeApiConstants.swift in Sources */ = {isa = PBXBuildFile; fileRef = A11F0F9E1D4A5E5300166479 /* ZypeApiConstants.swift */; };
		A11F0FD01D4A5E5300166479 /* ZypeConstants.swift in Sources */ = {isa = PBXBuildFile; fileRef = A11F0F9F1D4A5E5300166479 /* ZypeConstants.swift */; };
		A11F0FD11D4A5E5300166479 /* ZypeErrorConstants.swift in Sources */ = {isa = PBXBuildFile; fileRef = A11F0FA01D4A5E5300166479 /* ZypeErrorConstants.swift */; };
		A11F0FD21D4A5E5300166479 /* ZypeJSONConstants.swift in Sources */ = {isa = PBXBuildFile; fileRef = A11F0FA11D4A5E5300166479 /* ZypeJSONConstants.swift */; };
		A11F0FD31D4A5E5300166479 /* BaseUrl.swift in Sources */ = {isa = PBXBuildFile; fileRef = A11F0FA31D4A5E5300166479 /* BaseUrl.swift */; };
		A11F0FD41D4A5E5300166479 /* VimeoUrl.swift in Sources */ = {isa = PBXBuildFile; fileRef = A11F0FA41D4A5E5300166479 /* VimeoUrl.swift */; };
		A11F0FD51D4A5E5300166479 /* ZypeFactory.swift in Sources */ = {isa = PBXBuildFile; fileRef = A11F0FA51D4A5E5300166479 /* ZypeFactory.swift */; };
		A11F0FD61D4A5E5300166479 /* ZypeAppSettings.swift in Sources */ = {isa = PBXBuildFile; fileRef = A11F0FA71D4A5E5300166479 /* ZypeAppSettings.swift */; };
		A11F0FD81D4A5E5300166479 /* ZypeCacheManager.swift in Sources */ = {isa = PBXBuildFile; fileRef = A11F0FAA1D4A5E5300166479 /* ZypeCacheManager.swift */; };
		A11F0FD91D4A5E5300166479 /* ZypeDataManager.swift in Sources */ = {isa = PBXBuildFile; fileRef = A11F0FAB1D4A5E5300166479 /* ZypeDataManager.swift */; };
		A11F0FDA1D4A5E5300166479 /* ZypeTokenManager.swift in Sources */ = {isa = PBXBuildFile; fileRef = A11F0FAC1D4A5E5300166479 /* ZypeTokenManager.swift */; };
		A11F0FDB1D4A5E5300166479 /* ConsumerModel.swift in Sources */ = {isa = PBXBuildFile; fileRef = A11F0FAE1D4A5E5300166479 /* ConsumerModel.swift */; };
		A11F0FDC1D4A5E5300166479 /* ContentModel.swift in Sources */ = {isa = PBXBuildFile; fileRef = A11F0FAF1D4A5E5300166479 /* ContentModel.swift */; };
		A11F0FDD1D4A5E5300166479 /* QueryBaseModel.swift in Sources */ = {isa = PBXBuildFile; fileRef = A11F0FB11D4A5E5300166479 /* QueryBaseModel.swift */; };
		A11F0FDE1D4A5E5300166479 /* QueryCategoriesModel.swift in Sources */ = {isa = PBXBuildFile; fileRef = A11F0FB21D4A5E5300166479 /* QueryCategoriesModel.swift */; };
		A11F0FDF1D4A5E5300166479 /* QueryPlaylistsModel.swift in Sources */ = {isa = PBXBuildFile; fileRef = A11F0FB31D4A5E5300166479 /* QueryPlaylistsModel.swift */; };
		A11F0FE01D4A5E5300166479 /* QueryRetrieveVideosInPlaylistModel.swift in Sources */ = {isa = PBXBuildFile; fileRef = A11F0FB41D4A5E5300166479 /* QueryRetrieveVideosInPlaylistModel.swift */; };
		A11F0FE11D4A5E5300166479 /* QuerySubscriptionsModel.swift in Sources */ = {isa = PBXBuildFile; fileRef = A11F0FB51D4A5E5300166479 /* QuerySubscriptionsModel.swift */; };
		A11F0FE21D4A5E5300166479 /* QueryVideosModel.swift in Sources */ = {isa = PBXBuildFile; fileRef = A11F0FB61D4A5E5300166479 /* QueryVideosModel.swift */; };
		A11F0FE31D4A5E5300166479 /* QueryZobjectsModel.swift in Sources */ = {isa = PBXBuildFile; fileRef = A11F0FB71D4A5E5300166479 /* QueryZobjectsModel.swift */; };
		A11F0FE41D4A5E5300166479 /* QueryZobjectTypesModel.swift in Sources */ = {isa = PBXBuildFile; fileRef = A11F0FB81D4A5E5300166479 /* QueryZobjectTypesModel.swift */; };
		A11F0FE51D4A5E5300166479 /* BaseModel.swift in Sources */ = {isa = PBXBuildFile; fileRef = A11F0FBA1D4A5E5300166479 /* BaseModel.swift */; };
		A11F0FE61D4A5E5300166479 /* CategoryModel.swift in Sources */ = {isa = PBXBuildFile; fileRef = A11F0FBB1D4A5E5300166479 /* CategoryModel.swift */; };
		A11F0FE71D4A5E5300166479 /* CategoryValueModel.swift in Sources */ = {isa = PBXBuildFile; fileRef = A11F0FBC1D4A5E5300166479 /* CategoryValueModel.swift */; };
		A11F0FE81D4A5E5300166479 /* FavoriteModel.swift in Sources */ = {isa = PBXBuildFile; fileRef = A11F0FBD1D4A5E5300166479 /* FavoriteModel.swift */; };
		A11F0FE91D4A5E5300166479 /* PlaylistModel.swift in Sources */ = {isa = PBXBuildFile; fileRef = A11F0FBE1D4A5E5300166479 /* PlaylistModel.swift */; };
		A11F0FEA1D4A5E5300166479 /* SubscriptionModel.swift in Sources */ = {isa = PBXBuildFile; fileRef = A11F0FBF1D4A5E5300166479 /* SubscriptionModel.swift */; };
		A11F0FEB1D4A5E5300166479 /* VideoModel.swift in Sources */ = {isa = PBXBuildFile; fileRef = A11F0FC01D4A5E5300166479 /* VideoModel.swift */; };
		A11F0FEC1D4A5E5300166479 /* ZobjectModel.swift in Sources */ = {isa = PBXBuildFile; fileRef = A11F0FC11D4A5E5300166479 /* ZobjectModel.swift */; };
		A11F0FED1D4A5E5300166479 /* ZobjectTypeModel.swift in Sources */ = {isa = PBXBuildFile; fileRef = A11F0FC21D4A5E5300166479 /* ZobjectTypeModel.swift */; };
		A11F0FEE1D4A5E5300166479 /* SettingsModel.swift in Sources */ = {isa = PBXBuildFile; fileRef = A11F0FC31D4A5E5300166479 /* SettingsModel.swift */; };
		A11F0FEF1D4A5E5300166479 /* ThumbnailModel.swift in Sources */ = {isa = PBXBuildFile; fileRef = A11F0FC41D4A5E5300166479 /* ThumbnailModel.swift */; };
		A11F0FF01D4A5E5300166479 /* VideoObjectModel.swift in Sources */ = {isa = PBXBuildFile; fileRef = A11F0FC51D4A5E5300166479 /* VideoObjectModel.swift */; };
		A11F0FF11D4A5E5300166479 /* ZypeTokenModel.swift in Sources */ = {isa = PBXBuildFile; fileRef = A11F0FC61D4A5E5300166479 /* ZypeTokenModel.swift */; };
		A11F0FF21D4A5E5300166479 /* SSUtils.swift in Sources */ = {isa = PBXBuildFile; fileRef = A11F0FC81D4A5E5300166479 /* SSUtils.swift */; };
		A11F0FF31D4A5E5300166479 /* ZypeLog.swift in Sources */ = {isa = PBXBuildFile; fileRef = A11F0FC91D4A5E5300166479 /* ZypeLog.swift */; };
		A11F0FF41D4A5E5300166479 /* DeviceLinkingVC.swift in Sources */ = {isa = PBXBuildFile; fileRef = A11F0FCB1D4A5E5300166479 /* DeviceLinkingVC.swift */; };
		A11F0FF51D4A5E5300166479 /* ZypeAppleTVBase.h in Headers */ = {isa = PBXBuildFile; fileRef = A11F0FCC1D4A5E5300166479 /* ZypeAppleTVBase.h */; settings = {ATTRIBUTES = (Public, ); }; };
		A11F0FF61D4A5E5300166479 /* ZypeAppleTVBase.swift in Sources */ = {isa = PBXBuildFile; fileRef = A11F0FCD1D4A5E5300166479 /* ZypeAppleTVBase.swift */; };
		A11F0FFA1D4A5E7700166479 /* ZypeAppleTVBaseTests.swift in Sources */ = {isa = PBXBuildFile; fileRef = A11F0FF81D4A5E7700166479 /* ZypeAppleTVBaseTests.swift */; };
		A11F10001D4A858900166479 /* Pods_ZypeAppleTVBase.framework in Frameworks */ = {isa = PBXBuildFile; fileRef = A11F0FFF1D4A858900166479 /* Pods_ZypeAppleTVBase.framework */; };
		A12E28801D5CD4D100E1BAED /* ZypeAppleTVBaseResources.bundle in Resources */ = {isa = PBXBuildFile; fileRef = A11F0F541D4A55DF00166479 /* ZypeAppleTVBaseResources.bundle */; };
		A12E28811D5CD4FA00E1BAED /* ZypeAppleTVBaseResources.bundle in Resources */ = {isa = PBXBuildFile; fileRef = A11F0F541D4A55DF00166479 /* ZypeAppleTVBaseResources.bundle */; };
		A14401641D4A970E006F5621 /* ResourcesTest.swift in Sources */ = {isa = PBXBuildFile; fileRef = A14401631D4A970E006F5621 /* ResourcesTest.swift */; };
		A14401671D4BD305006F5621 /* ZypeUtilities.swift in Sources */ = {isa = PBXBuildFile; fileRef = A14401661D4BD305006F5621 /* ZypeUtilities.swift */; };
		A19F62021D92DFC300B6AC96 /* LoginVC.swift in Sources */ = {isa = PBXBuildFile; fileRef = A19F62011D92DFC300B6AC96 /* LoginVC.swift */; };
		A1ACBDB71D62628C000BD27D /* iconLocked.png in Resources */ = {isa = PBXBuildFile; fileRef = A1ACBDB51D62628C000BD27D /* iconLocked.png */; };
		A1ACBDB81D62628C000BD27D /* iconUnlocked.png in Resources */ = {isa = PBXBuildFile; fileRef = A1ACBDB61D62628C000BD27D /* iconUnlocked.png */; };
		A1C86AC51DA2FD0E00BFE5DF /* LogoutVC.swift in Sources */ = {isa = PBXBuildFile; fileRef = A1C86AC41DA2FD0E00BFE5DF /* LogoutVC.swift */; };
		E15459C521DD5F8D00BAFE53 /* checkedBox.png in Resources */ = {isa = PBXBuildFile; fileRef = E15459C321DD5F8C00BAFE53 /* checkedBox.png */; };
		E15459C621DD5F8D00BAFE53 /* uncheckedBox.png in Resources */ = {isa = PBXBuildFile; fileRef = E15459C421DD5F8C00BAFE53 /* uncheckedBox.png */; };
/* End PBXBuildFile section */

/* Begin PBXContainerItemProxy section */
		A11F0F8F1D4A5E0300166479 /* PBXContainerItemProxy */ = {
			isa = PBXContainerItemProxy;
			containerPortal = A16F790B1CD8EADD00667FEF /* Project object */;
			proxyType = 1;
			remoteGlobalIDString = A11F0F831D4A5E0200166479;
			remoteInfo = ZypeAppleTVBase;
		};
		A11F10011D4A85B400166479 /* PBXContainerItemProxy */ = {
			isa = PBXContainerItemProxy;
			containerPortal = A16F790B1CD8EADD00667FEF /* Project object */;
			proxyType = 1;
			remoteGlobalIDString = A11F0F531D4A55DF00166479;
			remoteInfo = ZypeAppleTVBaseResources;
		};
/* End PBXContainerItemProxy section */

/* Begin PBXFileReference section */
		068DE8B2673B2EA0EC3BAB89 /* Pods_ZypeAppleTVBase.framework */ = {isa = PBXFileReference; explicitFileType = wrapper.framework; includeInIndex = 0; path = Pods_ZypeAppleTVBase.framework; sourceTree = BUILT_PRODUCTS_DIR; };
		44104F0975F4A39966F0703E /* Pods-ZypeAppleTVBaseTests.release.xcconfig */ = {isa = PBXFileReference; includeInIndex = 1; lastKnownFileType = text.xcconfig; name = "Pods-ZypeAppleTVBaseTests.release.xcconfig"; path = "Pods/Target Support Files/Pods-ZypeAppleTVBaseTests/Pods-ZypeAppleTVBaseTests.release.xcconfig"; sourceTree = "<group>"; };
		478A52841F210DBC0037BE56 /* RegisterVC.swift */ = {isa = PBXFileReference; fileEncoding = 4; lastKnownFileType = sourcecode.swift; path = RegisterVC.swift; sourceTree = "<group>"; };
		4DF2A3FD2DC74F67C966B8C9 /* Pods-ZypeAppleTVBaseTests.debug.xcconfig */ = {isa = PBXFileReference; includeInIndex = 1; lastKnownFileType = text.xcconfig; name = "Pods-ZypeAppleTVBaseTests.debug.xcconfig"; path = "Pods/Target Support Files/Pods-ZypeAppleTVBaseTests/Pods-ZypeAppleTVBaseTests.debug.xcconfig"; sourceTree = "<group>"; };
		4F37FFD1244F442400D24986 /* ZypeUserAgentBuilder.swift */ = {isa = PBXFileReference; lastKnownFileType = sourcecode.swift; path = ZypeUserAgentBuilder.swift; sourceTree = "<group>"; };
		4FD21C532449EC8000E2616B /* GuideModel.swift */ = {isa = PBXFileReference; fileEncoding = 4; lastKnownFileType = sourcecode.swift; path = GuideModel.swift; sourceTree = "<group>"; };
		4FD21C542449EC8000E2616B /* GuideProgramModel.swift */ = {isa = PBXFileReference; fileEncoding = 4; lastKnownFileType = sourcecode.swift; path = GuideProgramModel.swift; sourceTree = "<group>"; };
		A11F0F541D4A55DF00166479 /* ZypeAppleTVBaseResources.bundle */ = {isa = PBXFileReference; explicitFileType = wrapper.cfbundle; includeInIndex = 0; path = ZypeAppleTVBaseResources.bundle; sourceTree = BUILT_PRODUCTS_DIR; };
		A11F0F561D4A55DF00166479 /* Info.plist */ = {isa = PBXFileReference; lastKnownFileType = text.plist.xml; path = Info.plist; sourceTree = "<group>"; };
		A11F0F5E1D4A570E00166479 /* DeviceLinking.storyboard */ = {isa = PBXFileReference; fileEncoding = 4; lastKnownFileType = file.storyboard; path = DeviceLinking.storyboard; sourceTree = "<group>"; };
		A11F0F611D4A576900166479 /* android_icon.png */ = {isa = PBXFileReference; lastKnownFileType = image.png; path = android_icon.png; sourceTree = "<group>"; };
		A11F0F841D4A5E0200166479 /* ZypeAppleTVBase.framework */ = {isa = PBXFileReference; explicitFileType = wrapper.framework; includeInIndex = 0; path = ZypeAppleTVBase.framework; sourceTree = BUILT_PRODUCTS_DIR; };
		A11F0F8D1D4A5E0300166479 /* ZypeAppleTVBaseTests.xctest */ = {isa = PBXFileReference; explicitFileType = wrapper.cfbundle; includeInIndex = 0; path = ZypeAppleTVBaseTests.xctest; sourceTree = BUILT_PRODUCTS_DIR; };
		A11F0F9C1D4A5E5300166479 /* ZypeRESTController.swift */ = {isa = PBXFileReference; fileEncoding = 4; lastKnownFileType = sourcecode.swift; path = ZypeRESTController.swift; sourceTree = "<group>"; };
		A11F0F9E1D4A5E5300166479 /* ZypeApiConstants.swift */ = {isa = PBXFileReference; fileEncoding = 4; lastKnownFileType = sourcecode.swift; path = ZypeApiConstants.swift; sourceTree = "<group>"; };
		A11F0F9F1D4A5E5300166479 /* ZypeConstants.swift */ = {isa = PBXFileReference; fileEncoding = 4; lastKnownFileType = sourcecode.swift; path = ZypeConstants.swift; sourceTree = "<group>"; };
		A11F0FA01D4A5E5300166479 /* ZypeErrorConstants.swift */ = {isa = PBXFileReference; fileEncoding = 4; lastKnownFileType = sourcecode.swift; path = ZypeErrorConstants.swift; sourceTree = "<group>"; };
		A11F0FA11D4A5E5300166479 /* ZypeJSONConstants.swift */ = {isa = PBXFileReference; fileEncoding = 4; lastKnownFileType = sourcecode.swift; path = ZypeJSONConstants.swift; sourceTree = "<group>"; };
		A11F0FA31D4A5E5300166479 /* BaseUrl.swift */ = {isa = PBXFileReference; fileEncoding = 4; lastKnownFileType = sourcecode.swift; path = BaseUrl.swift; sourceTree = "<group>"; };
		A11F0FA41D4A5E5300166479 /* VimeoUrl.swift */ = {isa = PBXFileReference; fileEncoding = 4; lastKnownFileType = sourcecode.swift; path = VimeoUrl.swift; sourceTree = "<group>"; };
		A11F0FA51D4A5E5300166479 /* ZypeFactory.swift */ = {isa = PBXFileReference; fileEncoding = 4; lastKnownFileType = sourcecode.swift; path = ZypeFactory.swift; sourceTree = "<group>"; };
		A11F0FA71D4A5E5300166479 /* ZypeAppSettings.swift */ = {isa = PBXFileReference; fileEncoding = 4; lastKnownFileType = sourcecode.swift; path = ZypeAppSettings.swift; sourceTree = "<group>"; };
		A11F0FA81D4A5E5300166479 /* Info.plist */ = {isa = PBXFileReference; fileEncoding = 4; lastKnownFileType = text.plist.xml; path = Info.plist; sourceTree = "<group>"; };
		A11F0FAA1D4A5E5300166479 /* ZypeCacheManager.swift */ = {isa = PBXFileReference; fileEncoding = 4; lastKnownFileType = sourcecode.swift; path = ZypeCacheManager.swift; sourceTree = "<group>"; };
		A11F0FAB1D4A5E5300166479 /* ZypeDataManager.swift */ = {isa = PBXFileReference; fileEncoding = 4; lastKnownFileType = sourcecode.swift; path = ZypeDataManager.swift; sourceTree = "<group>"; };
		A11F0FAC1D4A5E5300166479 /* ZypeTokenManager.swift */ = {isa = PBXFileReference; fileEncoding = 4; lastKnownFileType = sourcecode.swift; path = ZypeTokenManager.swift; sourceTree = "<group>"; };
		A11F0FAE1D4A5E5300166479 /* ConsumerModel.swift */ = {isa = PBXFileReference; fileEncoding = 4; lastKnownFileType = sourcecode.swift; path = ConsumerModel.swift; sourceTree = "<group>"; };
		A11F0FAF1D4A5E5300166479 /* ContentModel.swift */ = {isa = PBXFileReference; fileEncoding = 4; lastKnownFileType = sourcecode.swift; path = ContentModel.swift; sourceTree = "<group>"; };
		A11F0FB11D4A5E5300166479 /* QueryBaseModel.swift */ = {isa = PBXFileReference; fileEncoding = 4; lastKnownFileType = sourcecode.swift; path = QueryBaseModel.swift; sourceTree = "<group>"; };
		A11F0FB21D4A5E5300166479 /* QueryCategoriesModel.swift */ = {isa = PBXFileReference; fileEncoding = 4; lastKnownFileType = sourcecode.swift; path = QueryCategoriesModel.swift; sourceTree = "<group>"; };
		A11F0FB31D4A5E5300166479 /* QueryPlaylistsModel.swift */ = {isa = PBXFileReference; fileEncoding = 4; lastKnownFileType = sourcecode.swift; path = QueryPlaylistsModel.swift; sourceTree = "<group>"; };
		A11F0FB41D4A5E5300166479 /* QueryRetrieveVideosInPlaylistModel.swift */ = {isa = PBXFileReference; fileEncoding = 4; lastKnownFileType = sourcecode.swift; path = QueryRetrieveVideosInPlaylistModel.swift; sourceTree = "<group>"; };
		A11F0FB51D4A5E5300166479 /* QuerySubscriptionsModel.swift */ = {isa = PBXFileReference; fileEncoding = 4; lastKnownFileType = sourcecode.swift; path = QuerySubscriptionsModel.swift; sourceTree = "<group>"; };
		A11F0FB61D4A5E5300166479 /* QueryVideosModel.swift */ = {isa = PBXFileReference; fileEncoding = 4; lastKnownFileType = sourcecode.swift; path = QueryVideosModel.swift; sourceTree = "<group>"; };
		A11F0FB71D4A5E5300166479 /* QueryZobjectsModel.swift */ = {isa = PBXFileReference; fileEncoding = 4; lastKnownFileType = sourcecode.swift; path = QueryZobjectsModel.swift; sourceTree = "<group>"; };
		A11F0FB81D4A5E5300166479 /* QueryZobjectTypesModel.swift */ = {isa = PBXFileReference; fileEncoding = 4; lastKnownFileType = sourcecode.swift; path = QueryZobjectTypesModel.swift; sourceTree = "<group>"; };
		A11F0FBA1D4A5E5300166479 /* BaseModel.swift */ = {isa = PBXFileReference; fileEncoding = 4; lastKnownFileType = sourcecode.swift; path = BaseModel.swift; sourceTree = "<group>"; };
		A11F0FBB1D4A5E5300166479 /* CategoryModel.swift */ = {isa = PBXFileReference; fileEncoding = 4; lastKnownFileType = sourcecode.swift; path = CategoryModel.swift; sourceTree = "<group>"; };
		A11F0FBC1D4A5E5300166479 /* CategoryValueModel.swift */ = {isa = PBXFileReference; fileEncoding = 4; lastKnownFileType = sourcecode.swift; path = CategoryValueModel.swift; sourceTree = "<group>"; };
		A11F0FBD1D4A5E5300166479 /* FavoriteModel.swift */ = {isa = PBXFileReference; fileEncoding = 4; lastKnownFileType = sourcecode.swift; path = FavoriteModel.swift; sourceTree = "<group>"; };
		A11F0FBE1D4A5E5300166479 /* PlaylistModel.swift */ = {isa = PBXFileReference; fileEncoding = 4; lastKnownFileType = sourcecode.swift; path = PlaylistModel.swift; sourceTree = "<group>"; };
		A11F0FBF1D4A5E5300166479 /* SubscriptionModel.swift */ = {isa = PBXFileReference; fileEncoding = 4; lastKnownFileType = sourcecode.swift; path = SubscriptionModel.swift; sourceTree = "<group>"; };
		A11F0FC01D4A5E5300166479 /* VideoModel.swift */ = {isa = PBXFileReference; fileEncoding = 4; lastKnownFileType = sourcecode.swift; path = VideoModel.swift; sourceTree = "<group>"; };
		A11F0FC11D4A5E5300166479 /* ZobjectModel.swift */ = {isa = PBXFileReference; fileEncoding = 4; lastKnownFileType = sourcecode.swift; path = ZobjectModel.swift; sourceTree = "<group>"; };
		A11F0FC21D4A5E5300166479 /* ZobjectTypeModel.swift */ = {isa = PBXFileReference; fileEncoding = 4; lastKnownFileType = sourcecode.swift; path = ZobjectTypeModel.swift; sourceTree = "<group>"; };
		A11F0FC31D4A5E5300166479 /* SettingsModel.swift */ = {isa = PBXFileReference; fileEncoding = 4; lastKnownFileType = sourcecode.swift; path = SettingsModel.swift; sourceTree = "<group>"; };
		A11F0FC41D4A5E5300166479 /* ThumbnailModel.swift */ = {isa = PBXFileReference; fileEncoding = 4; lastKnownFileType = sourcecode.swift; path = ThumbnailModel.swift; sourceTree = "<group>"; };
		A11F0FC51D4A5E5300166479 /* VideoObjectModel.swift */ = {isa = PBXFileReference; fileEncoding = 4; lastKnownFileType = sourcecode.swift; path = VideoObjectModel.swift; sourceTree = "<group>"; };
		A11F0FC61D4A5E5300166479 /* ZypeTokenModel.swift */ = {isa = PBXFileReference; fileEncoding = 4; lastKnownFileType = sourcecode.swift; path = ZypeTokenModel.swift; sourceTree = "<group>"; };
		A11F0FC81D4A5E5300166479 /* SSUtils.swift */ = {isa = PBXFileReference; fileEncoding = 4; lastKnownFileType = sourcecode.swift; path = SSUtils.swift; sourceTree = "<group>"; };
		A11F0FC91D4A5E5300166479 /* ZypeLog.swift */ = {isa = PBXFileReference; fileEncoding = 4; lastKnownFileType = sourcecode.swift; path = ZypeLog.swift; sourceTree = "<group>"; };
		A11F0FCB1D4A5E5300166479 /* DeviceLinkingVC.swift */ = {isa = PBXFileReference; fileEncoding = 4; lastKnownFileType = sourcecode.swift; path = DeviceLinkingVC.swift; sourceTree = "<group>"; };
		A11F0FCC1D4A5E5300166479 /* ZypeAppleTVBase.h */ = {isa = PBXFileReference; fileEncoding = 4; lastKnownFileType = sourcecode.c.h; path = ZypeAppleTVBase.h; sourceTree = "<group>"; };
		A11F0FCD1D4A5E5300166479 /* ZypeAppleTVBase.swift */ = {isa = PBXFileReference; fileEncoding = 4; lastKnownFileType = sourcecode.swift; path = ZypeAppleTVBase.swift; sourceTree = "<group>"; };
		A11F0FF71D4A5E7700166479 /* Info.plist */ = {isa = PBXFileReference; fileEncoding = 4; lastKnownFileType = text.plist.xml; path = Info.plist; sourceTree = "<group>"; };
		A11F0FF81D4A5E7700166479 /* ZypeAppleTVBaseTests.swift */ = {isa = PBXFileReference; fileEncoding = 4; lastKnownFileType = sourcecode.swift; path = ZypeAppleTVBaseTests.swift; sourceTree = "<group>"; };
		A11F0FFD1D4A857200166479 /* Kingfisher.framework */ = {isa = PBXFileReference; lastKnownFileType = wrapper.framework; name = Kingfisher.framework; path = "../../../../Library/Developer/Xcode/DerivedData/ZypeAppleTVBase-flafjsgfhtzdvsdiyicdjprllmrg/Build/Products/Debug-appletvsimulator/Kingfisher/Kingfisher.framework"; sourceTree = "<group>"; };
		A11F0FFF1D4A858900166479 /* Pods_ZypeAppleTVBase.framework */ = {isa = PBXFileReference; lastKnownFileType = wrapper.framework; name = Pods_ZypeAppleTVBase.framework; path = "../../../../Library/Developer/Xcode/DerivedData/ZypeAppleTVBase-flafjsgfhtzdvsdiyicdjprllmrg/Build/Products/Debug-appletvsimulator/Pods_ZypeAppleTVBase.framework"; sourceTree = "<group>"; };
		A14401631D4A970E006F5621 /* ResourcesTest.swift */ = {isa = PBXFileReference; fileEncoding = 4; lastKnownFileType = sourcecode.swift; path = ResourcesTest.swift; sourceTree = "<group>"; };
		A14401661D4BD305006F5621 /* ZypeUtilities.swift */ = {isa = PBXFileReference; fileEncoding = 4; lastKnownFileType = sourcecode.swift; path = ZypeUtilities.swift; sourceTree = "<group>"; };
		A19F62011D92DFC300B6AC96 /* LoginVC.swift */ = {isa = PBXFileReference; fileEncoding = 4; lastKnownFileType = sourcecode.swift; path = LoginVC.swift; sourceTree = "<group>"; };
		A1ACBDB51D62628C000BD27D /* iconLocked.png */ = {isa = PBXFileReference; lastKnownFileType = image.png; path = iconLocked.png; sourceTree = "<group>"; };
		A1ACBDB61D62628C000BD27D /* iconUnlocked.png */ = {isa = PBXFileReference; lastKnownFileType = image.png; path = iconUnlocked.png; sourceTree = "<group>"; };
		A1C86AC41DA2FD0E00BFE5DF /* LogoutVC.swift */ = {isa = PBXFileReference; fileEncoding = 4; lastKnownFileType = sourcecode.swift; path = LogoutVC.swift; sourceTree = "<group>"; };
		AA67D6B7859F874CF02D4956 /* Pods_ZypeAppleTVBaseTests.framework */ = {isa = PBXFileReference; explicitFileType = wrapper.framework; includeInIndex = 0; path = Pods_ZypeAppleTVBaseTests.framework; sourceTree = BUILT_PRODUCTS_DIR; };
		C27AC61475DD0933FD4D02CF /* Pods-ZypeAppleTVBase.debug.xcconfig */ = {isa = PBXFileReference; includeInIndex = 1; lastKnownFileType = text.xcconfig; name = "Pods-ZypeAppleTVBase.debug.xcconfig"; path = "Pods/Target Support Files/Pods-ZypeAppleTVBase/Pods-ZypeAppleTVBase.debug.xcconfig"; sourceTree = "<group>"; };
		E15459C321DD5F8C00BAFE53 /* checkedBox.png */ = {isa = PBXFileReference; lastKnownFileType = image.png; path = checkedBox.png; sourceTree = "<group>"; };
		E15459C421DD5F8C00BAFE53 /* uncheckedBox.png */ = {isa = PBXFileReference; lastKnownFileType = image.png; path = uncheckedBox.png; sourceTree = "<group>"; };
		EE5612D613C4DFA0F78BC80F /* Pods-ZypeAppleTVBase.release.xcconfig */ = {isa = PBXFileReference; includeInIndex = 1; lastKnownFileType = text.xcconfig; name = "Pods-ZypeAppleTVBase.release.xcconfig"; path = "Pods/Target Support Files/Pods-ZypeAppleTVBase/Pods-ZypeAppleTVBase.release.xcconfig"; sourceTree = "<group>"; };
/* End PBXFileReference section */

/* Begin PBXFrameworksBuildPhase section */
		A11F0F511D4A55DF00166479 /* Frameworks */ = {
			isa = PBXFrameworksBuildPhase;
			buildActionMask = 2147483647;
			files = (
			);
			runOnlyForDeploymentPostprocessing = 0;
		};
		A11F0F801D4A5E0200166479 /* Frameworks */ = {
			isa = PBXFrameworksBuildPhase;
			buildActionMask = 2147483647;
			files = (
				0B4EAD8FE9EA3273FF6B8E8D /* Pods_ZypeAppleTVBase.framework in Frameworks */,
			);
			runOnlyForDeploymentPostprocessing = 0;
		};
		A11F0F8A1D4A5E0300166479 /* Frameworks */ = {
			isa = PBXFrameworksBuildPhase;
			buildActionMask = 2147483647;
			files = (
				A11F10001D4A858900166479 /* Pods_ZypeAppleTVBase.framework in Frameworks */,
				A11F0F8E1D4A5E0300166479 /* ZypeAppleTVBase.framework in Frameworks */,
				78179C2E7ADDA5888C760795 /* Pods_ZypeAppleTVBaseTests.framework in Frameworks */,
			);
			runOnlyForDeploymentPostprocessing = 0;
		};
/* End PBXFrameworksBuildPhase section */

/* Begin PBXGroup section */
		0786054F770901E8A7320998 /* Pods */ = {
			isa = PBXGroup;
			children = (
				4DF2A3FD2DC74F67C966B8C9 /* Pods-ZypeAppleTVBaseTests.debug.xcconfig */,
				44104F0975F4A39966F0703E /* Pods-ZypeAppleTVBaseTests.release.xcconfig */,
				C27AC61475DD0933FD4D02CF /* Pods-ZypeAppleTVBase.debug.xcconfig */,
				EE5612D613C4DFA0F78BC80F /* Pods-ZypeAppleTVBase.release.xcconfig */,
			);
			name = Pods;
			sourceTree = "<group>";
		};
		1856C20C1650FFC62E4397F0 /* Frameworks */ = {
			isa = PBXGroup;
			children = (
				A11F0FFF1D4A858900166479 /* Pods_ZypeAppleTVBase.framework */,
				A11F0FFD1D4A857200166479 /* Kingfisher.framework */,
				068DE8B2673B2EA0EC3BAB89 /* Pods_ZypeAppleTVBase.framework */,
				AA67D6B7859F874CF02D4956 /* Pods_ZypeAppleTVBaseTests.framework */,
			);
			name = Frameworks;
			sourceTree = "<group>";
		};
		A11F0F551D4A55DF00166479 /* ZypeAppleTVBaseResources */ = {
			isa = PBXGroup;
			children = (
				A11F0F601D4A576900166479 /* Images */,
				A11F0F5D1D4A570E00166479 /* Layouts */,
				A11F0F561D4A55DF00166479 /* Info.plist */,
			);
			path = ZypeAppleTVBaseResources;
			sourceTree = "<group>";
		};
		A11F0F5D1D4A570E00166479 /* Layouts */ = {
			isa = PBXGroup;
			children = (
				A11F0F5E1D4A570E00166479 /* DeviceLinking.storyboard */,
			);
			path = Layouts;
			sourceTree = "<group>";
		};
		A11F0F601D4A576900166479 /* Images */ = {
			isa = PBXGroup;
			children = (
				E15459C321DD5F8C00BAFE53 /* checkedBox.png */,
				E15459C421DD5F8C00BAFE53 /* uncheckedBox.png */,
				A11F0F611D4A576900166479 /* android_icon.png */,
				A1ACBDB51D62628C000BD27D /* iconLocked.png */,
				A1ACBDB61D62628C000BD27D /* iconUnlocked.png */,
			);
			path = Images;
			sourceTree = "<group>";
		};
		A11F0F851D4A5E0200166479 /* ZypeAppleTVBase */ = {
			isa = PBXGroup;
			children = (
				A11F0F9B1D4A5E5300166479 /* API */,
				A11F0F9D1D4A5E5300166479 /* Constants */,
				A11F0FA21D4A5E5300166479 /* Factories */,
				A11F0FA61D4A5E5300166479 /* Helpers */,
				A11F0FA81D4A5E5300166479 /* Info.plist */,
				A11F0FA91D4A5E5300166479 /* Managers */,
				A11F0FAD1D4A5E5300166479 /* Models */,
				A11F0FC71D4A5E5300166479 /* Utilities */,
				A11F0FCA1D4A5E5300166479 /* ViewControllers */,
				A11F0FCC1D4A5E5300166479 /* ZypeAppleTVBase.h */,
				A11F0FCD1D4A5E5300166479 /* ZypeAppleTVBase.swift */,
			);
			path = ZypeAppleTVBase;
			sourceTree = "<group>";
		};
		A11F0F911D4A5E0300166479 /* ZypeAppleTVBaseTests */ = {
			isa = PBXGroup;
			children = (
				A11F0FF71D4A5E7700166479 /* Info.plist */,
				A11F0FF81D4A5E7700166479 /* ZypeAppleTVBaseTests.swift */,
				A14401631D4A970E006F5621 /* ResourcesTest.swift */,
			);
			path = ZypeAppleTVBaseTests;
			sourceTree = "<group>";
		};
		A11F0F9B1D4A5E5300166479 /* API */ = {
			isa = PBXGroup;
			children = (
				A11F0F9C1D4A5E5300166479 /* ZypeRESTController.swift */,
			);
			path = API;
			sourceTree = "<group>";
		};
		A11F0F9D1D4A5E5300166479 /* Constants */ = {
			isa = PBXGroup;
			children = (
				A11F0F9E1D4A5E5300166479 /* ZypeApiConstants.swift */,
				A11F0F9F1D4A5E5300166479 /* ZypeConstants.swift */,
				A11F0FA01D4A5E5300166479 /* ZypeErrorConstants.swift */,
				A11F0FA11D4A5E5300166479 /* ZypeJSONConstants.swift */,
			);
			path = Constants;
			sourceTree = "<group>";
		};
		A11F0FA21D4A5E5300166479 /* Factories */ = {
			isa = PBXGroup;
			children = (
				A11F0FA31D4A5E5300166479 /* BaseUrl.swift */,
				A11F0FA41D4A5E5300166479 /* VimeoUrl.swift */,
				A11F0FA51D4A5E5300166479 /* ZypeFactory.swift */,
			);
			path = Factories;
			sourceTree = "<group>";
		};
		A11F0FA61D4A5E5300166479 /* Helpers */ = {
			isa = PBXGroup;
			children = (
				A11F0FA71D4A5E5300166479 /* ZypeAppSettings.swift */,
				4F37FFD1244F442400D24986 /* ZypeUserAgentBuilder.swift */,
			);
			path = Helpers;
			sourceTree = "<group>";
		};
		A11F0FA91D4A5E5300166479 /* Managers */ = {
			isa = PBXGroup;
			children = (
				A11F0FAA1D4A5E5300166479 /* ZypeCacheManager.swift */,
				A11F0FAB1D4A5E5300166479 /* ZypeDataManager.swift */,
				A11F0FAC1D4A5E5300166479 /* ZypeTokenManager.swift */,
			);
			path = Managers;
			sourceTree = "<group>";
		};
		A11F0FAD1D4A5E5300166479 /* Models */ = {
			isa = PBXGroup;
			children = (
				A11F0FAE1D4A5E5300166479 /* ConsumerModel.swift */,
				A11F0FAF1D4A5E5300166479 /* ContentModel.swift */,
				A11F0FB01D4A5E5300166479 /* QueryModels */,
				A11F0FB91D4A5E5300166479 /* ResponseModels */,
				A11F0FC31D4A5E5300166479 /* SettingsModel.swift */,
				A11F0FC41D4A5E5300166479 /* ThumbnailModel.swift */,
				A11F0FC51D4A5E5300166479 /* VideoObjectModel.swift */,
				A11F0FC61D4A5E5300166479 /* ZypeTokenModel.swift */,
			);
			path = Models;
			sourceTree = "<group>";
		};
		A11F0FB01D4A5E5300166479 /* QueryModels */ = {
			isa = PBXGroup;
			children = (
				A11F0FB11D4A5E5300166479 /* QueryBaseModel.swift */,
				A11F0FB21D4A5E5300166479 /* QueryCategoriesModel.swift */,
				A11F0FB31D4A5E5300166479 /* QueryPlaylistsModel.swift */,
				A11F0FB41D4A5E5300166479 /* QueryRetrieveVideosInPlaylistModel.swift */,
				A11F0FB51D4A5E5300166479 /* QuerySubscriptionsModel.swift */,
				A11F0FB61D4A5E5300166479 /* QueryVideosModel.swift */,
				A11F0FB71D4A5E5300166479 /* QueryZobjectsModel.swift */,
				A11F0FB81D4A5E5300166479 /* QueryZobjectTypesModel.swift */,
			);
			path = QueryModels;
			sourceTree = "<group>";
		};
		A11F0FB91D4A5E5300166479 /* ResponseModels */ = {
			isa = PBXGroup;
			children = (
				A11F0FBA1D4A5E5300166479 /* BaseModel.swift */,
				A11F0FBB1D4A5E5300166479 /* CategoryModel.swift */,
				A11F0FBC1D4A5E5300166479 /* CategoryValueModel.swift */,
				A11F0FBD1D4A5E5300166479 /* FavoriteModel.swift */,
				A11F0FBE1D4A5E5300166479 /* PlaylistModel.swift */,
				A11F0FBF1D4A5E5300166479 /* SubscriptionModel.swift */,
				A11F0FC01D4A5E5300166479 /* VideoModel.swift */,
				A11F0FC11D4A5E5300166479 /* ZobjectModel.swift */,
				A11F0FC21D4A5E5300166479 /* ZobjectTypeModel.swift */,
			);
			path = ResponseModels;
			sourceTree = "<group>";
		};
		A11F0FC71D4A5E5300166479 /* Utilities */ = {
			isa = PBXGroup;
			children = (
				A11F0FC81D4A5E5300166479 /* SSUtils.swift */,
				A11F0FC91D4A5E5300166479 /* ZypeLog.swift */,
				A14401661D4BD305006F5621 /* ZypeUtilities.swift */,
			);
			path = Utilities;
			sourceTree = "<group>";
		};
		A11F0FCA1D4A5E5300166479 /* ViewControllers */ = {
			isa = PBXGroup;
			children = (
				A11F0FCB1D4A5E5300166479 /* DeviceLinkingVC.swift */,
				A19F62011D92DFC300B6AC96 /* LoginVC.swift */,
				A1C86AC41DA2FD0E00BFE5DF /* LogoutVC.swift */,
				478A52841F210DBC0037BE56 /* RegisterVC.swift */,
			);
			path = ViewControllers;
			sourceTree = "<group>";
		};
		A16F790A1CD8EADD00667FEF = {
			isa = PBXGroup;
			children = (
				A11F0F551D4A55DF00166479 /* ZypeAppleTVBaseResources */,
				A11F0F851D4A5E0200166479 /* ZypeAppleTVBase */,
				A11F0F911D4A5E0300166479 /* ZypeAppleTVBaseTests */,
				A16F79151CD8EADD00667FEF /* Products */,
				0786054F770901E8A7320998 /* Pods */,
				1856C20C1650FFC62E4397F0 /* Frameworks */,
			);
			sourceTree = "<group>";
		};
		A16F79151CD8EADD00667FEF /* Products */ = {
			isa = PBXGroup;
			children = (
				A11F0F541D4A55DF00166479 /* ZypeAppleTVBaseResources.bundle */,
				A11F0F841D4A5E0200166479 /* ZypeAppleTVBase.framework */,
				A11F0F8D1D4A5E0300166479 /* ZypeAppleTVBaseTests.xctest */,
			);
			name = Products;
			sourceTree = "<group>";
		};
/* End PBXGroup section */

/* Begin PBXHeadersBuildPhase section */
		A11F0F811D4A5E0200166479 /* Headers */ = {
			isa = PBXHeadersBuildPhase;
			buildActionMask = 2147483647;
			files = (
				A11F0FF51D4A5E5300166479 /* ZypeAppleTVBase.h in Headers */,
			);
			runOnlyForDeploymentPostprocessing = 0;
		};
/* End PBXHeadersBuildPhase section */

/* Begin PBXNativeTarget section */
		A11F0F531D4A55DF00166479 /* ZypeAppleTVBaseResources */ = {
			isa = PBXNativeTarget;
			buildConfigurationList = A11F0F571D4A55DF00166479 /* Build configuration list for PBXNativeTarget "ZypeAppleTVBaseResources" */;
			buildPhases = (
				A11F0F501D4A55DF00166479 /* Sources */,
				A11F0F511D4A55DF00166479 /* Frameworks */,
				A11F0F521D4A55DF00166479 /* Resources */,
			);
			buildRules = (
			);
			dependencies = (
			);
			name = ZypeAppleTVBaseResources;
			productName = ZypeAppleTVBaseResources;
			productReference = A11F0F541D4A55DF00166479 /* ZypeAppleTVBaseResources.bundle */;
			productType = "com.apple.product-type.bundle";
		};
		A11F0F831D4A5E0200166479 /* ZypeAppleTVBase */ = {
			isa = PBXNativeTarget;
			buildConfigurationList = A11F0F951D4A5E0300166479 /* Build configuration list for PBXNativeTarget "ZypeAppleTVBase" */;
			buildPhases = (
				58E4451DA86ABDD4CC2CB0F4 /* [CP] Check Pods Manifest.lock */,
				E811B45DF5CCB2DDEF05B779 /* [CP] Check Pods Manifest.lock */,
				A11F0F7F1D4A5E0200166479 /* Sources */,
				A11F0F801D4A5E0200166479 /* Frameworks */,
				A11F0F811D4A5E0200166479 /* Headers */,
				A11F0F821D4A5E0200166479 /* Resources */,
				3E3B45084CD860887F53E1B1 /* [CP] Copy Pods Resources */,
				5C57F18E02345596B45F6839 /* 📦 Copy Pods Resources */,
			);
			buildRules = (
			);
			dependencies = (
			);
			name = ZypeAppleTVBase;
			productName = ZypeAppleTVBase;
			productReference = A11F0F841D4A5E0200166479 /* ZypeAppleTVBase.framework */;
			productType = "com.apple.product-type.framework";
		};
		A11F0F8C1D4A5E0300166479 /* ZypeAppleTVBaseTests */ = {
			isa = PBXNativeTarget;
			buildConfigurationList = A11F0F981D4A5E0300166479 /* Build configuration list for PBXNativeTarget "ZypeAppleTVBaseTests" */;
			buildPhases = (
				9F786AF122018181DEF22251 /* [CP] Check Pods Manifest.lock */,
				9BC3CD781A805121C7874DE5 /* [CP] Check Pods Manifest.lock */,
				A11F0F891D4A5E0300166479 /* Sources */,
				A11F0F8A1D4A5E0300166479 /* Frameworks */,
				A11F0F8B1D4A5E0300166479 /* Resources */,
				2656C0C2249BCC88D7A09166 /* [CP] Embed Pods Frameworks */,
				B35EB4C9DB55643F18E3C2FC /* [CP] Copy Pods Resources */,
				220FC2EC28029E5A300668FF /* 📦 Embed Pods Frameworks */,
				D291653F55356F874245FFE2 /* 📦 Copy Pods Resources */,
			);
			buildRules = (
			);
			dependencies = (
				A11F10021D4A85B400166479 /* PBXTargetDependency */,
				A11F0F901D4A5E0300166479 /* PBXTargetDependency */,
			);
			name = ZypeAppleTVBaseTests;
			productName = ZypeAppleTVBaseTests;
			productReference = A11F0F8D1D4A5E0300166479 /* ZypeAppleTVBaseTests.xctest */;
			productType = "com.apple.product-type.bundle.unit-test";
		};
/* End PBXNativeTarget section */

/* Begin PBXProject section */
		A16F790B1CD8EADD00667FEF /* Project object */ = {
			isa = PBXProject;
			attributes = {
				LastSwiftUpdateCheck = 0730;
				LastUpgradeCheck = 0800;
				ORGANIZATIONNAME = Zype;
				TargetAttributes = {
					A11F0F531D4A55DF00166479 = {
						CreatedOnToolsVersion = 7.3.1;
						LastSwiftMigration = 0800;
					};
					A11F0F831D4A5E0200166479 = {
						CreatedOnToolsVersion = 7.3.1;
						LastSwiftMigration = 0820;
					};
					A11F0F8C1D4A5E0300166479 = {
						CreatedOnToolsVersion = 7.3.1;
						LastSwiftMigration = 0820;
					};
				};
			};
			buildConfigurationList = A16F790E1CD8EADD00667FEF /* Build configuration list for PBXProject "ZypeAppleTVBase" */;
			compatibilityVersion = "Xcode 3.2";
			developmentRegion = English;
			hasScannedForEncodings = 0;
			knownRegions = (
				en,
			);
			mainGroup = A16F790A1CD8EADD00667FEF;
			productRefGroup = A16F79151CD8EADD00667FEF /* Products */;
			projectDirPath = "";
			projectRoot = "";
			targets = (
				A11F0F831D4A5E0200166479 /* ZypeAppleTVBase */,
				A11F0F8C1D4A5E0300166479 /* ZypeAppleTVBaseTests */,
				A11F0F531D4A55DF00166479 /* ZypeAppleTVBaseResources */,
			);
		};
/* End PBXProject section */

/* Begin PBXResourcesBuildPhase section */
		A11F0F521D4A55DF00166479 /* Resources */ = {
			isa = PBXResourcesBuildPhase;
			buildActionMask = 2147483647;
			files = (
				E15459C621DD5F8D00BAFE53 /* uncheckedBox.png in Resources */,
				A1ACBDB71D62628C000BD27D /* iconLocked.png in Resources */,
				E15459C521DD5F8D00BAFE53 /* checkedBox.png in Resources */,
				A1ACBDB81D62628C000BD27D /* iconUnlocked.png in Resources */,
				A11F0F621D4A576900166479 /* android_icon.png in Resources */,
				A11F0F5F1D4A570E00166479 /* DeviceLinking.storyboard in Resources */,
			);
			runOnlyForDeploymentPostprocessing = 0;
		};
		A11F0F821D4A5E0200166479 /* Resources */ = {
			isa = PBXResourcesBuildPhase;
			buildActionMask = 2147483647;
			files = (
				A12E28811D5CD4FA00E1BAED /* ZypeAppleTVBaseResources.bundle in Resources */,
			);
			runOnlyForDeploymentPostprocessing = 0;
		};
		A11F0F8B1D4A5E0300166479 /* Resources */ = {
			isa = PBXResourcesBuildPhase;
			buildActionMask = 2147483647;
			files = (
				A12E28801D5CD4D100E1BAED /* ZypeAppleTVBaseResources.bundle in Resources */,
			);
			runOnlyForDeploymentPostprocessing = 0;
		};
/* End PBXResourcesBuildPhase section */

/* Begin PBXShellScriptBuildPhase section */
		220FC2EC28029E5A300668FF /* 📦 Embed Pods Frameworks */ = {
			isa = PBXShellScriptBuildPhase;
			buildActionMask = 2147483647;
			files = (
			);
			inputPaths = (
			);
			name = "📦 Embed Pods Frameworks";
			outputPaths = (
			);
			runOnlyForDeploymentPostprocessing = 0;
			shellPath = /bin/sh;
			shellScript = "\"${SRCROOT}/Pods/Target Support Files/Pods-ZypeAppleTVBaseTests/Pods-ZypeAppleTVBaseTests-frameworks.sh\"\n";
			showEnvVarsInLog = 0;
		};
		2656C0C2249BCC88D7A09166 /* [CP] Embed Pods Frameworks */ = {
			isa = PBXShellScriptBuildPhase;
			buildActionMask = 2147483647;
			files = (
			);
			inputPaths = (
			);
			name = "[CP] Embed Pods Frameworks";
			outputPaths = (
			);
			runOnlyForDeploymentPostprocessing = 0;
			shellPath = /bin/sh;
			shellScript = "\"${SRCROOT}/Pods/Target Support Files/Pods-ZypeAppleTVBaseTests/Pods-ZypeAppleTVBaseTests-frameworks.sh\"\n";
			showEnvVarsInLog = 0;
		};
		3E3B45084CD860887F53E1B1 /* [CP] Copy Pods Resources */ = {
			isa = PBXShellScriptBuildPhase;
			buildActionMask = 2147483647;
			files = (
			);
			inputPaths = (
			);
			name = "[CP] Copy Pods Resources";
			outputPaths = (
			);
			runOnlyForDeploymentPostprocessing = 0;
			shellPath = /bin/sh;
			shellScript = "\"${SRCROOT}/Pods/Target Support Files/Pods-ZypeAppleTVBase/Pods-ZypeAppleTVBase-resources.sh\"\n";
			showEnvVarsInLog = 0;
		};
		58E4451DA86ABDD4CC2CB0F4 /* [CP] Check Pods Manifest.lock */ = {
			isa = PBXShellScriptBuildPhase;
			buildActionMask = 2147483647;
			files = (
			);
			inputPaths = (
			);
			name = "[CP] Check Pods Manifest.lock";
			outputPaths = (
			);
			runOnlyForDeploymentPostprocessing = 0;
			shellPath = /bin/sh;
			shellScript = "diff \"${PODS_ROOT}/../Podfile.lock\" \"${PODS_ROOT}/Manifest.lock\" > /dev/null\nif [[ $? != 0 ]] ; then\n    cat << EOM\nerror: The sandbox is not in sync with the Podfile.lock. Run 'pod install' or update your CocoaPods installation.\nEOM\n    exit 1\nfi\n";
			showEnvVarsInLog = 0;
		};
		5C57F18E02345596B45F6839 /* 📦 Copy Pods Resources */ = {
			isa = PBXShellScriptBuildPhase;
			buildActionMask = 2147483647;
			files = (
			);
			inputPaths = (
			);
			name = "📦 Copy Pods Resources";
			outputPaths = (
			);
			runOnlyForDeploymentPostprocessing = 0;
			shellPath = /bin/sh;
			shellScript = "\"${SRCROOT}/Pods/Target Support Files/Pods-ZypeAppleTVBase/Pods-ZypeAppleTVBase-resources.sh\"\n";
			showEnvVarsInLog = 0;
		};
		9BC3CD781A805121C7874DE5 /* [CP] Check Pods Manifest.lock */ = {
			isa = PBXShellScriptBuildPhase;
			buildActionMask = 2147483647;
			files = (
			);
			inputPaths = (
			);
			name = "[CP] Check Pods Manifest.lock";
			outputPaths = (
			);
			runOnlyForDeploymentPostprocessing = 0;
			shellPath = /bin/sh;
			shellScript = "diff \"${PODS_ROOT}/../Podfile.lock\" \"${PODS_ROOT}/Manifest.lock\" > /dev/null\nif [[ $? != 0 ]] ; then\n    cat << EOM\nerror: The sandbox is not in sync with the Podfile.lock. Run 'pod install' or update your CocoaPods installation.\nEOM\n    exit 1\nfi\n";
			showEnvVarsInLog = 0;
		};
		9F786AF122018181DEF22251 /* [CP] Check Pods Manifest.lock */ = {
			isa = PBXShellScriptBuildPhase;
			buildActionMask = 2147483647;
			files = (
			);
			inputPaths = (
			);
			name = "[CP] Check Pods Manifest.lock";
			outputPaths = (
			);
			runOnlyForDeploymentPostprocessing = 0;
			shellPath = /bin/sh;
			shellScript = "diff \"${PODS_ROOT}/../Podfile.lock\" \"${PODS_ROOT}/Manifest.lock\" > /dev/null\nif [[ $? != 0 ]] ; then\n    cat << EOM\nerror: The sandbox is not in sync with the Podfile.lock. Run 'pod install' or update your CocoaPods installation.\nEOM\n    exit 1\nfi\n";
			showEnvVarsInLog = 0;
		};
		B35EB4C9DB55643F18E3C2FC /* [CP] Copy Pods Resources */ = {
			isa = PBXShellScriptBuildPhase;
			buildActionMask = 2147483647;
			files = (
			);
			inputPaths = (
			);
			name = "[CP] Copy Pods Resources";
			outputPaths = (
			);
			runOnlyForDeploymentPostprocessing = 0;
			shellPath = /bin/sh;
			shellScript = "\"${SRCROOT}/Pods/Target Support Files/Pods-ZypeAppleTVBaseTests/Pods-ZypeAppleTVBaseTests-resources.sh\"\n";
			showEnvVarsInLog = 0;
		};
		D291653F55356F874245FFE2 /* 📦 Copy Pods Resources */ = {
			isa = PBXShellScriptBuildPhase;
			buildActionMask = 2147483647;
			files = (
			);
			inputPaths = (
			);
			name = "📦 Copy Pods Resources";
			outputPaths = (
			);
			runOnlyForDeploymentPostprocessing = 0;
			shellPath = /bin/sh;
			shellScript = "\"${SRCROOT}/Pods/Target Support Files/Pods-ZypeAppleTVBaseTests/Pods-ZypeAppleTVBaseTests-resources.sh\"\n";
			showEnvVarsInLog = 0;
		};
		E811B45DF5CCB2DDEF05B779 /* [CP] Check Pods Manifest.lock */ = {
			isa = PBXShellScriptBuildPhase;
			buildActionMask = 2147483647;
			files = (
			);
			inputPaths = (
			);
			name = "[CP] Check Pods Manifest.lock";
			outputPaths = (
			);
			runOnlyForDeploymentPostprocessing = 0;
			shellPath = /bin/sh;
			shellScript = "diff \"${PODS_ROOT}/../Podfile.lock\" \"${PODS_ROOT}/Manifest.lock\" > /dev/null\nif [[ $? != 0 ]] ; then\n    cat << EOM\nerror: The sandbox is not in sync with the Podfile.lock. Run 'pod install' or update your CocoaPods installation.\nEOM\n    exit 1\nfi\n";
			showEnvVarsInLog = 0;
		};
/* End PBXShellScriptBuildPhase section */

/* Begin PBXSourcesBuildPhase section */
		A11F0F501D4A55DF00166479 /* Sources */ = {
			isa = PBXSourcesBuildPhase;
			buildActionMask = 2147483647;
			files = (
			);
			runOnlyForDeploymentPostprocessing = 0;
		};
		A11F0F7F1D4A5E0200166479 /* Sources */ = {
			isa = PBXSourcesBuildPhase;
			buildActionMask = 2147483647;
			files = (
				A11F0FEA1D4A5E5300166479 /* SubscriptionModel.swift in Sources */,
				A11F0FE31D4A5E5300166479 /* QueryZobjectsModel.swift in Sources */,
				A11F0FD91D4A5E5300166479 /* ZypeDataManager.swift in Sources */,
				A11F0FE41D4A5E5300166479 /* QueryZobjectTypesModel.swift in Sources */,
				4F37FFD2244F442400D24986 /* ZypeUserAgentBuilder.swift in Sources */,
				A11F0FE01D4A5E5300166479 /* QueryRetrieveVideosInPlaylistModel.swift in Sources */,
				A11F0FE21D4A5E5300166479 /* QueryVideosModel.swift in Sources */,
				A11F0FDA1D4A5E5300166479 /* ZypeTokenManager.swift in Sources */,
				A11F0FF61D4A5E5300166479 /* ZypeAppleTVBase.swift in Sources */,
				A1C86AC51DA2FD0E00BFE5DF /* LogoutVC.swift in Sources */,
				A11F0FEC1D4A5E5300166479 /* ZobjectModel.swift in Sources */,
				A11F0FDE1D4A5E5300166479 /* QueryCategoriesModel.swift in Sources */,
				A11F0FDB1D4A5E5300166479 /* ConsumerModel.swift in Sources */,
				A11F0FD01D4A5E5300166479 /* ZypeConstants.swift in Sources */,
				A11F0FEB1D4A5E5300166479 /* VideoModel.swift in Sources */,
				A11F0FCF1D4A5E5300166479 /* ZypeApiConstants.swift in Sources */,
				A11F0FF11D4A5E5300166479 /* ZypeTokenModel.swift in Sources */,
				A11F0FDD1D4A5E5300166479 /* QueryBaseModel.swift in Sources */,
				A11F0FED1D4A5E5300166479 /* ZobjectTypeModel.swift in Sources */,
				A11F0FDC1D4A5E5300166479 /* ContentModel.swift in Sources */,
				A14401671D4BD305006F5621 /* ZypeUtilities.swift in Sources */,
				A11F0FEE1D4A5E5300166479 /* SettingsModel.swift in Sources */,
				A11F0FE11D4A5E5300166479 /* QuerySubscriptionsModel.swift in Sources */,
				A11F0FF01D4A5E5300166479 /* VideoObjectModel.swift in Sources */,
				A19F62021D92DFC300B6AC96 /* LoginVC.swift in Sources */,
				A11F0FE61D4A5E5300166479 /* CategoryModel.swift in Sources */,
				A11F0FD11D4A5E5300166479 /* ZypeErrorConstants.swift in Sources */,
				A11F0FD21D4A5E5300166479 /* ZypeJSONConstants.swift in Sources */,
				A11F0FF21D4A5E5300166479 /* SSUtils.swift in Sources */,
				A11F0FE71D4A5E5300166479 /* CategoryValueModel.swift in Sources */,
				A11F0FD81D4A5E5300166479 /* ZypeCacheManager.swift in Sources */,
				A11F0FD51D4A5E5300166479 /* ZypeFactory.swift in Sources */,
				A11F0FD61D4A5E5300166479 /* ZypeAppSettings.swift in Sources */,
				A11F0FD31D4A5E5300166479 /* BaseUrl.swift in Sources */,
				A11F0FEF1D4A5E5300166479 /* ThumbnailModel.swift in Sources */,
				A11F0FCE1D4A5E5300166479 /* ZypeRESTController.swift in Sources */,
				A11F0FF31D4A5E5300166479 /* ZypeLog.swift in Sources */,
				A11F0FDF1D4A5E5300166479 /* QueryPlaylistsModel.swift in Sources */,
				A11F0FE81D4A5E5300166479 /* FavoriteModel.swift in Sources */,
				A11F0FE51D4A5E5300166479 /* BaseModel.swift in Sources */,
				A11F0FE91D4A5E5300166479 /* PlaylistModel.swift in Sources */,
				478A52851F210DBC0037BE56 /* RegisterVC.swift in Sources */,
				A11F0FD41D4A5E5300166479 /* VimeoUrl.swift in Sources */,
				A11F0FF41D4A5E5300166479 /* DeviceLinkingVC.swift in Sources */,
			);
			runOnlyForDeploymentPostprocessing = 0;
		};
		A11F0F891D4A5E0300166479 /* Sources */ = {
			isa = PBXSourcesBuildPhase;
			buildActionMask = 2147483647;
			files = (
				A11F0FFA1D4A5E7700166479 /* ZypeAppleTVBaseTests.swift in Sources */,
				A14401641D4A970E006F5621 /* ResourcesTest.swift in Sources */,
			);
			runOnlyForDeploymentPostprocessing = 0;
		};
/* End PBXSourcesBuildPhase section */

/* Begin PBXTargetDependency section */
		A11F0F901D4A5E0300166479 /* PBXTargetDependency */ = {
			isa = PBXTargetDependency;
			target = A11F0F831D4A5E0200166479 /* ZypeAppleTVBase */;
			targetProxy = A11F0F8F1D4A5E0300166479 /* PBXContainerItemProxy */;
		};
		A11F10021D4A85B400166479 /* PBXTargetDependency */ = {
			isa = PBXTargetDependency;
			target = A11F0F531D4A55DF00166479 /* ZypeAppleTVBaseResources */;
			targetProxy = A11F10011D4A85B400166479 /* PBXContainerItemProxy */;
		};
/* End PBXTargetDependency section */

/* Begin XCBuildConfiguration section */
		A11F0F581D4A55DF00166479 /* Debug */ = {
			isa = XCBuildConfiguration;
			buildSettings = {
				CODE_SIGN_IDENTITY = "-";
				COMBINE_HIDPI_IMAGES = YES;
				INFOPLIST_FILE = ZypeAppleTVBaseResources/Info.plist;
				INSTALL_PATH = "$(LOCAL_LIBRARY_DIR)/Bundles";
				MACH_O_TYPE = mh_dylib;
				MACOSX_DEPLOYMENT_TARGET = 10.11;
				PRODUCT_BUNDLE_IDENTIFIER = com.zype.ZypeAppleTVBaseResources;
				PRODUCT_NAME = "$(TARGET_NAME)";
				SDKROOT = macosx;
				SKIP_INSTALL = YES;
				SUPPORTED_PLATFORMS = "appletvsimulator appletvos";
				SWIFT_VERSION = 3.0;
				WRAPPER_EXTENSION = bundle;
			};
			name = Debug;
		};
		A11F0F591D4A55DF00166479 /* Release */ = {
			isa = XCBuildConfiguration;
			buildSettings = {
				CODE_SIGN_IDENTITY = "-";
				COMBINE_HIDPI_IMAGES = YES;
				INFOPLIST_FILE = ZypeAppleTVBaseResources/Info.plist;
				INSTALL_PATH = "$(LOCAL_LIBRARY_DIR)/Bundles";
				MACH_O_TYPE = mh_dylib;
				MACOSX_DEPLOYMENT_TARGET = 10.11;
				PRODUCT_BUNDLE_IDENTIFIER = com.zype.ZypeAppleTVBaseResources;
				PRODUCT_NAME = "$(TARGET_NAME)";
				SDKROOT = macosx;
				SKIP_INSTALL = YES;
				SUPPORTED_PLATFORMS = "appletvsimulator appletvos";
				SWIFT_VERSION = 3.0;
				WRAPPER_EXTENSION = bundle;
			};
			name = Release;
		};
		A11F0F961D4A5E0300166479 /* Debug */ = {
			isa = XCBuildConfiguration;
			baseConfigurationReference = C27AC61475DD0933FD4D02CF /* Pods-ZypeAppleTVBase.debug.xcconfig */;
			buildSettings = {
				CLANG_ENABLE_MODULES = YES;
				CODE_SIGN_IDENTITY = "iPhone Developer";
				"CODE_SIGN_IDENTITY[sdk=appletvos*]" = "";
				DEFINES_MODULE = YES;
				DYLIB_COMPATIBILITY_VERSION = 1;
				DYLIB_CURRENT_VERSION = 1;
				DYLIB_INSTALL_NAME_BASE = "@rpath";
				INFOPLIST_FILE = ZypeAppleTVBase/Info.plist;
				INSTALL_PATH = "$(LOCAL_LIBRARY_DIR)/Frameworks";
				LD_RUNPATH_SEARCH_PATHS = "$(inherited) @executable_path/Frameworks @loader_path/Frameworks";
				PRODUCT_BUNDLE_IDENTIFIER = com.zype.ZypeAppleTVBase;
				PRODUCT_NAME = "$(TARGET_NAME)";
				SKIP_INSTALL = YES;
				SWIFT_OPTIMIZATION_LEVEL = "-Onone";
				SWIFT_VERSION = 3.0;
				TARGETED_DEVICE_FAMILY = 3;
				TVOS_DEPLOYMENT_TARGET = 9.2;
			};
			name = Debug;
		};
		A11F0F971D4A5E0300166479 /* Release */ = {
			isa = XCBuildConfiguration;
			baseConfigurationReference = EE5612D613C4DFA0F78BC80F /* Pods-ZypeAppleTVBase.release.xcconfig */;
			buildSettings = {
				CLANG_ENABLE_MODULES = YES;
				CODE_SIGN_IDENTITY = "iPhone Developer";
				"CODE_SIGN_IDENTITY[sdk=appletvos*]" = "";
				DEFINES_MODULE = YES;
				DYLIB_COMPATIBILITY_VERSION = 1;
				DYLIB_CURRENT_VERSION = 1;
				DYLIB_INSTALL_NAME_BASE = "@rpath";
				INFOPLIST_FILE = ZypeAppleTVBase/Info.plist;
				INSTALL_PATH = "$(LOCAL_LIBRARY_DIR)/Frameworks";
				LD_RUNPATH_SEARCH_PATHS = "$(inherited) @executable_path/Frameworks @loader_path/Frameworks";
				PRODUCT_BUNDLE_IDENTIFIER = com.zype.ZypeAppleTVBase;
				PRODUCT_NAME = "$(TARGET_NAME)";
				SKIP_INSTALL = YES;
				SWIFT_VERSION = 3.0;
				TARGETED_DEVICE_FAMILY = 3;
				TVOS_DEPLOYMENT_TARGET = 9.2;
			};
			name = Release;
		};
		A11F0F991D4A5E0300166479 /* Debug */ = {
			isa = XCBuildConfiguration;
			baseConfigurationReference = 4DF2A3FD2DC74F67C966B8C9 /* Pods-ZypeAppleTVBaseTests.debug.xcconfig */;
			buildSettings = {
				INFOPLIST_FILE = ZypeAppleTVBaseTests/Info.plist;
				LD_RUNPATH_SEARCH_PATHS = "$(inherited) @executable_path/Frameworks @loader_path/Frameworks $(FRAMEWORK_SEARCH_PATHS)";
				MACH_O_TYPE = mh_dylib;
				PRODUCT_BUNDLE_IDENTIFIER = com.zype.ZypeAppleTVBaseTests;
				PRODUCT_NAME = "$(TARGET_NAME)";
				SWIFT_VERSION = 3.0;
				TVOS_DEPLOYMENT_TARGET = 9.2;
			};
			name = Debug;
		};
		A11F0F9A1D4A5E0300166479 /* Release */ = {
			isa = XCBuildConfiguration;
			baseConfigurationReference = 44104F0975F4A39966F0703E /* Pods-ZypeAppleTVBaseTests.release.xcconfig */;
			buildSettings = {
				INFOPLIST_FILE = ZypeAppleTVBaseTests/Info.plist;
				LD_RUNPATH_SEARCH_PATHS = "$(inherited) @executable_path/Frameworks @loader_path/Frameworks $(FRAMEWORK_SEARCH_PATHS)";
				MACH_O_TYPE = mh_dylib;
				PRODUCT_BUNDLE_IDENTIFIER = com.zype.ZypeAppleTVBaseTests;
				PRODUCT_NAME = "$(TARGET_NAME)";
				SWIFT_VERSION = 3.0;
				TVOS_DEPLOYMENT_TARGET = 9.2;
			};
			name = Release;
		};
		A16F79261CD8EADD00667FEF /* Debug */ = {
			isa = XCBuildConfiguration;
			buildSettings = {
				ALWAYS_SEARCH_USER_PATHS = NO;
				CLANG_ANALYZER_NONNULL = YES;
				CLANG_CXX_LANGUAGE_STANDARD = "gnu++0x";
				CLANG_CXX_LIBRARY = "libc++";
				CLANG_ENABLE_MODULES = YES;
				CLANG_ENABLE_OBJC_ARC = YES;
				CLANG_WARN_BOOL_CONVERSION = YES;
				CLANG_WARN_CONSTANT_CONVERSION = YES;
				CLANG_WARN_DIRECT_OBJC_ISA_USAGE = YES_ERROR;
				CLANG_WARN_EMPTY_BODY = YES;
				CLANG_WARN_ENUM_CONVERSION = YES;
				CLANG_WARN_INFINITE_RECURSION = YES;
				CLANG_WARN_INT_CONVERSION = YES;
				CLANG_WARN_OBJC_ROOT_CLASS = YES_ERROR;
				CLANG_WARN_SUSPICIOUS_MOVE = YES;
				CLANG_WARN_UNREACHABLE_CODE = YES;
				CLANG_WARN__DUPLICATE_METHOD_MATCH = YES;
				"CODE_SIGN_IDENTITY[sdk=iphoneos*]" = "iPhone Developer";
				COPY_PHASE_STRIP = NO;
				CURRENT_PROJECT_VERSION = 1;
				DEBUG_INFORMATION_FORMAT = dwarf;
				ENABLE_STRICT_OBJC_MSGSEND = YES;
				ENABLE_TESTABILITY = YES;
				GCC_C_LANGUAGE_STANDARD = gnu99;
				GCC_DYNAMIC_NO_PIC = NO;
				GCC_NO_COMMON_BLOCKS = YES;
				GCC_OPTIMIZATION_LEVEL = 0;
				GCC_PREPROCESSOR_DEFINITIONS = (
					"DEBUG=1",
					"$(inherited)",
				);
				GCC_WARN_64_TO_32_BIT_CONVERSION = YES;
				GCC_WARN_ABOUT_RETURN_TYPE = YES_ERROR;
				GCC_WARN_UNDECLARED_SELECTOR = YES;
				GCC_WARN_UNINITIALIZED_AUTOS = YES_AGGRESSIVE;
				GCC_WARN_UNUSED_FUNCTION = YES;
				GCC_WARN_UNUSED_VARIABLE = YES;
				IPHONEOS_DEPLOYMENT_TARGET = 9.3;
				MTL_ENABLE_DEBUG_INFO = YES;
				ONLY_ACTIVE_ARCH = YES;
				SDKROOT = appletvos;
				SWIFT_INSTALL_OBJC_HEADER = NO;
				SWIFT_OPTIMIZATION_LEVEL = "-Onone";
				TARGETED_DEVICE_FAMILY = "1,2";
				VERSIONING_SYSTEM = "apple-generic";
				VERSION_INFO_PREFIX = "";
			};
			name = Debug;
		};
		A16F79271CD8EADD00667FEF /* Release */ = {
			isa = XCBuildConfiguration;
			buildSettings = {
				ALWAYS_SEARCH_USER_PATHS = NO;
				CLANG_ANALYZER_NONNULL = YES;
				CLANG_CXX_LANGUAGE_STANDARD = "gnu++0x";
				CLANG_CXX_LIBRARY = "libc++";
				CLANG_ENABLE_MODULES = YES;
				CLANG_ENABLE_OBJC_ARC = YES;
				CLANG_WARN_BOOL_CONVERSION = YES;
				CLANG_WARN_CONSTANT_CONVERSION = YES;
				CLANG_WARN_DIRECT_OBJC_ISA_USAGE = YES_ERROR;
				CLANG_WARN_EMPTY_BODY = YES;
				CLANG_WARN_ENUM_CONVERSION = YES;
				CLANG_WARN_INFINITE_RECURSION = YES;
				CLANG_WARN_INT_CONVERSION = YES;
				CLANG_WARN_OBJC_ROOT_CLASS = YES_ERROR;
				CLANG_WARN_SUSPICIOUS_MOVE = YES;
				CLANG_WARN_UNREACHABLE_CODE = YES;
				CLANG_WARN__DUPLICATE_METHOD_MATCH = YES;
				"CODE_SIGN_IDENTITY[sdk=iphoneos*]" = "iPhone Developer";
				COPY_PHASE_STRIP = NO;
				CURRENT_PROJECT_VERSION = 1;
				DEBUG_INFORMATION_FORMAT = "dwarf-with-dsym";
				ENABLE_NS_ASSERTIONS = NO;
				ENABLE_STRICT_OBJC_MSGSEND = YES;
				GCC_C_LANGUAGE_STANDARD = gnu99;
				GCC_NO_COMMON_BLOCKS = YES;
				GCC_WARN_64_TO_32_BIT_CONVERSION = YES;
				GCC_WARN_ABOUT_RETURN_TYPE = YES_ERROR;
				GCC_WARN_UNDECLARED_SELECTOR = YES;
				GCC_WARN_UNINITIALIZED_AUTOS = YES_AGGRESSIVE;
				GCC_WARN_UNUSED_FUNCTION = YES;
				GCC_WARN_UNUSED_VARIABLE = YES;
				IPHONEOS_DEPLOYMENT_TARGET = 9.3;
				MTL_ENABLE_DEBUG_INFO = NO;
				SDKROOT = appletvos;
				SWIFT_INSTALL_OBJC_HEADER = NO;
				SWIFT_OPTIMIZATION_LEVEL = "-Owholemodule";
				TARGETED_DEVICE_FAMILY = "1,2";
				VALIDATE_PRODUCT = YES;
				VERSIONING_SYSTEM = "apple-generic";
				VERSION_INFO_PREFIX = "";
			};
			name = Release;
		};
/* End XCBuildConfiguration section */

/* Begin XCConfigurationList section */
		A11F0F571D4A55DF00166479 /* Build configuration list for PBXNativeTarget "ZypeAppleTVBaseResources" */ = {
			isa = XCConfigurationList;
			buildConfigurations = (
				A11F0F581D4A55DF00166479 /* Debug */,
				A11F0F591D4A55DF00166479 /* Release */,
			);
			defaultConfigurationIsVisible = 0;
			defaultConfigurationName = Release;
		};
		A11F0F951D4A5E0300166479 /* Build configuration list for PBXNativeTarget "ZypeAppleTVBase" */ = {
			isa = XCConfigurationList;
			buildConfigurations = (
				A11F0F961D4A5E0300166479 /* Debug */,
				A11F0F971D4A5E0300166479 /* Release */,
			);
			defaultConfigurationIsVisible = 0;
			defaultConfigurationName = Release;
		};
		A11F0F981D4A5E0300166479 /* Build configuration list for PBXNativeTarget "ZypeAppleTVBaseTests" */ = {
			isa = XCConfigurationList;
			buildConfigurations = (
				A11F0F991D4A5E0300166479 /* Debug */,
				A11F0F9A1D4A5E0300166479 /* Release */,
			);
			defaultConfigurationIsVisible = 0;
			defaultConfigurationName = Release;
		};
		A16F790E1CD8EADD00667FEF /* Build configuration list for PBXProject "ZypeAppleTVBase" */ = {
			isa = XCConfigurationList;
			buildConfigurations = (
				A16F79261CD8EADD00667FEF /* Debug */,
				A16F79271CD8EADD00667FEF /* Release */,
			);
			defaultConfigurationIsVisible = 0;
			defaultConfigurationName = Release;
		};
/* End XCConfigurationList section */
	};
	rootObject = A16F790B1CD8EADD00667FEF /* Project object */;
}
